
Microsoft Visual Studio Solution File, Format Version 12.00
# Visual Studio Version 16
VisualStudioVersion = 16.0.29306.81
MinimumVisualStudioVersion = 10.0.40219.1
Project("{9A19103F-16F7-4668-BE54-9A1E7A4F7556}") = "RumbleOnSFApi", "RumbleOnSFApi\RumbleOnSFApi.csproj", "{D6E5380B-687B-415F-9067-690E791301A2}"
EndProject
Project("{2150E333-8FDC-42A3-9474-1A3956D46DE8}") = "Solution Items", "Solution Items", "{088D6991-9D9B-4D73-B193-7B3D72A23DB1}"
	ProjectSection(SolutionItems) = preProject
		.editorconfig = .editorconfig
	EndProjectSection
EndProject
Global
	GlobalSection(SolutionConfigurationPlatforms) = preSolution
		Debug|Any CPU = Debug|Any CPU
		Release|Any CPU = Release|Any CPU
	EndGlobalSection
	GlobalSection(ProjectConfigurationPlatforms) = postSolution
		{D6E5380B-687B-415F-9067-690E791301A2}.Debug|Any CPU.ActiveCfg = Debug|Any CPU
		{D6E5380B-687B-415F-9067-690E791301A2}.Debug|Any CPU.Build.0 = Debug|Any CPU
		{D6E5380B-687B-415F-9067-690E791301A2}.Release|Any CPU.ActiveCfg = Release|Any CPU
		{D6E5380B-687B-415F-9067-690E791301A2}.Release|Any CPU.Build.0 = Release|Any CPU
	EndGlobalSection
	GlobalSection(SolutionProperties) = preSolution
		HideSolutionNode = FALSE
	EndGlobalSection
	GlobalSection(ExtensibilityGlobals) = postSolution
		SolutionGuid = {F715508D-9FF5-4275-A8A9-595E7807F31B}
	EndGlobalSection
EndGlobal
